
Microsoft Visual Studio Solution File, Format Version 12.00
# Visual Studio 15
VisualStudioVersion = 15.0.26403.7
MinimumVisualStudioVersion = 10.0.40219.1
Project("{9A19103F-16F7-4668-BE54-9A1E7A4F7556}") = "RidoShop.Model", "CORE\RidoShop.Model\RidoShop.Model.csproj", "{EC06CCB5-63D6-4C9D-AB93-647BC9F0A204}"
EndProject
Project("{9A19103F-16F7-4668-BE54-9A1E7A4F7556}") = "RidoShop.Server", "RidoShop.Server\RidoShop.Server.csproj", "{AB311522-7897-40C3-85E1-EDED1D75CB06}"
EndProject
Global
	GlobalSection(SolutionConfigurationPlatforms) = preSolution
		Debug|Any CPU = Debug|Any CPU
		Release|Any CPU = Release|Any CPU
	EndGlobalSection
	GlobalSection(ProjectConfigurationPlatforms) = postSolution
		{EC06CCB5-63D6-4C9D-AB93-647BC9F0A204}.Debug|Any CPU.ActiveCfg = Debug|Any CPU
		{EC06CCB5-63D6-4C9D-AB93-647BC9F0A204}.Debug|Any CPU.Build.0 = Debug|Any CPU
		{EC06CCB5-63D6-4C9D-AB93-647BC9F0A204}.Release|Any CPU.ActiveCfg = Release|Any CPU
		{EC06CCB5-63D6-4C9D-AB93-647BC9F0A204}.Release|Any CPU.Build.0 = Release|Any CPU
		{AB311522-7897-40C3-85E1-EDED1D75CB06}.Debug|Any CPU.ActiveCfg = Debug|Any CPU
		{AB311522-7897-40C3-85E1-EDED1D75CB06}.Debug|Any CPU.Build.0 = Debug|Any CPU
		{AB311522-7897-40C3-85E1-EDED1D75CB06}.Release|Any CPU.ActiveCfg = Release|Any CPU
		{AB311522-7897-40C3-85E1-EDED1D75CB06}.Release|Any CPU.Build.0 = Release|Any CPU
	EndGlobalSection
	GlobalSection(SolutionProperties) = preSolution
		HideSolutionNode = FALSE
	EndGlobalSection
EndGlobal
