
Microsoft Visual Studio Solution File, Format Version 12.00
# Visual Studio 15
VisualStudioVersion = 15.0.26403.7
MinimumVisualStudioVersion = 10.0.40219.1
Project("{9A19103F-16F7-4668-BE54-9A1E7A4F7556}") = "ShopEvents", "ShopEvents\ShopEvents.csproj", "{CA315B3D-474F-41FE-880C-46382E2201B5}"
EndProject
Project("{FAE04EC0-301F-11D3-BF4B-00C04F79EFBC}") = "RidoShop.Server", "RidoShop.Server\RidoShop.Server.csproj", "{122DD148-30F6-4055-A4C5-71E3BAC1EF0E}"
EndProject
Project("{FAE04EC0-301F-11D3-BF4B-00C04F79EFBC}") = "RidoShop.Client", "RidoShop.Client\RidoShop.Client.csproj", "{B94E6806-AB0A-46D7-B93E-DE1674368EA6}"
EndProject
Project("{FAE04EC0-301F-11D3-BF4B-00C04F79EFBC}") = "RidoShop.Sensors", "RidoShop.Sensors\RidoShop.Sensors.csproj", "{C4BC501D-63C6-4C0C-B8AB-6961EE4BEE26}"
EndProject
Project("{FAE04EC0-301F-11D3-BF4B-00C04F79EFBC}") = "RidoShop.Model", "CORE\RidoShop.Model\RidoShop.Model.csproj", "{68B288E9-0004-487A-BEE2-7A2DA5E08058}"
EndProject
Project("{FAE04EC0-301F-11D3-BF4B-00C04F79EFBC}") = "RidoShop.Tests", "CORE\RidoShop.Tests\RidoShop.Tests.csproj", "{20B9399E-E665-4D49-8410-B9CE006BBA71}"
EndProject
Global
	GlobalSection(SolutionConfigurationPlatforms) = preSolution
		Debug|Any CPU = Debug|Any CPU
		Debug|ARM = Debug|ARM
		Debug|x64 = Debug|x64
		Debug|x86 = Debug|x86
		Release|Any CPU = Release|Any CPU
		Release|ARM = Release|ARM
		Release|x64 = Release|x64
		Release|x86 = Release|x86
	EndGlobalSection
	GlobalSection(ProjectConfigurationPlatforms) = postSolution
		{CA315B3D-474F-41FE-880C-46382E2201B5}.Debug|Any CPU.ActiveCfg = Debug|Any CPU
		{CA315B3D-474F-41FE-880C-46382E2201B5}.Debug|Any CPU.Build.0 = Debug|Any CPU
		{CA315B3D-474F-41FE-880C-46382E2201B5}.Debug|ARM.ActiveCfg = Debug|Any CPU
		{CA315B3D-474F-41FE-880C-46382E2201B5}.Debug|ARM.Build.0 = Debug|Any CPU
		{CA315B3D-474F-41FE-880C-46382E2201B5}.Debug|x64.ActiveCfg = Debug|Any CPU
		{CA315B3D-474F-41FE-880C-46382E2201B5}.Debug|x64.Build.0 = Debug|Any CPU
		{CA315B3D-474F-41FE-880C-46382E2201B5}.Debug|x86.ActiveCfg = Debug|Any CPU
		{CA315B3D-474F-41FE-880C-46382E2201B5}.Debug|x86.Build.0 = Debug|Any CPU
		{CA315B3D-474F-41FE-880C-46382E2201B5}.Release|Any CPU.ActiveCfg = Release|Any CPU
		{CA315B3D-474F-41FE-880C-46382E2201B5}.Release|Any CPU.Build.0 = Release|Any CPU
		{CA315B3D-474F-41FE-880C-46382E2201B5}.Release|ARM.ActiveCfg = Release|Any CPU
		{CA315B3D-474F-41FE-880C-46382E2201B5}.Release|ARM.Build.0 = Release|Any CPU
		{CA315B3D-474F-41FE-880C-46382E2201B5}.Release|x64.ActiveCfg = Release|Any CPU
		{CA315B3D-474F-41FE-880C-46382E2201B5}.Release|x64.Build.0 = Release|Any CPU
		{CA315B3D-474F-41FE-880C-46382E2201B5}.Release|x86.ActiveCfg = Release|Any CPU
		{CA315B3D-474F-41FE-880C-46382E2201B5}.Release|x86.Build.0 = Release|Any CPU
		{122DD148-30F6-4055-A4C5-71E3BAC1EF0E}.Debug|Any CPU.ActiveCfg = Debug|Any CPU
		{122DD148-30F6-4055-A4C5-71E3BAC1EF0E}.Debug|Any CPU.Build.0 = Debug|Any CPU
		{122DD148-30F6-4055-A4C5-71E3BAC1EF0E}.Debug|ARM.ActiveCfg = Debug|Any CPU
		{122DD148-30F6-4055-A4C5-71E3BAC1EF0E}.Debug|ARM.Build.0 = Debug|Any CPU
		{122DD148-30F6-4055-A4C5-71E3BAC1EF0E}.Debug|x64.ActiveCfg = Debug|Any CPU
		{122DD148-30F6-4055-A4C5-71E3BAC1EF0E}.Debug|x64.Build.0 = Debug|Any CPU
		{122DD148-30F6-4055-A4C5-71E3BAC1EF0E}.Debug|x86.ActiveCfg = Debug|Any CPU
		{122DD148-30F6-4055-A4C5-71E3BAC1EF0E}.Debug|x86.Build.0 = Debug|Any CPU
		{122DD148-30F6-4055-A4C5-71E3BAC1EF0E}.Release|Any CPU.ActiveCfg = Release|Any CPU
		{122DD148-30F6-4055-A4C5-71E3BAC1EF0E}.Release|Any CPU.Build.0 = Release|Any CPU
		{122DD148-30F6-4055-A4C5-71E3BAC1EF0E}.Release|ARM.ActiveCfg = Release|Any CPU
		{122DD148-30F6-4055-A4C5-71E3BAC1EF0E}.Release|ARM.Build.0 = Release|Any CPU
		{122DD148-30F6-4055-A4C5-71E3BAC1EF0E}.Release|x64.ActiveCfg = Release|Any CPU
		{122DD148-30F6-4055-A4C5-71E3BAC1EF0E}.Release|x64.Build.0 = Release|Any CPU
		{122DD148-30F6-4055-A4C5-71E3BAC1EF0E}.Release|x86.ActiveCfg = Release|Any CPU
		{122DD148-30F6-4055-A4C5-71E3BAC1EF0E}.Release|x86.Build.0 = Release|Any CPU
		{B94E6806-AB0A-46D7-B93E-DE1674368EA6}.Debug|Any CPU.ActiveCfg = Debug|x86
		{B94E6806-AB0A-46D7-B93E-DE1674368EA6}.Debug|ARM.ActiveCfg = Debug|ARM
		{B94E6806-AB0A-46D7-B93E-DE1674368EA6}.Debug|ARM.Build.0 = Debug|ARM
		{B94E6806-AB0A-46D7-B93E-DE1674368EA6}.Debug|ARM.Deploy.0 = Debug|ARM
		{B94E6806-AB0A-46D7-B93E-DE1674368EA6}.Debug|x64.ActiveCfg = Debug|x64
		{B94E6806-AB0A-46D7-B93E-DE1674368EA6}.Debug|x64.Build.0 = Debug|x64
		{B94E6806-AB0A-46D7-B93E-DE1674368EA6}.Debug|x64.Deploy.0 = Debug|x64
		{B94E6806-AB0A-46D7-B93E-DE1674368EA6}.Debug|x86.ActiveCfg = Debug|x86
		{B94E6806-AB0A-46D7-B93E-DE1674368EA6}.Debug|x86.Build.0 = Debug|x86
		{B94E6806-AB0A-46D7-B93E-DE1674368EA6}.Debug|x86.Deploy.0 = Debug|x86
		{B94E6806-AB0A-46D7-B93E-DE1674368EA6}.Release|Any CPU.ActiveCfg = Release|x86
		{B94E6806-AB0A-46D7-B93E-DE1674368EA6}.Release|ARM.ActiveCfg = Release|ARM
		{B94E6806-AB0A-46D7-B93E-DE1674368EA6}.Release|ARM.Build.0 = Release|ARM
		{B94E6806-AB0A-46D7-B93E-DE1674368EA6}.Release|ARM.Deploy.0 = Release|ARM
		{B94E6806-AB0A-46D7-B93E-DE1674368EA6}.Release|x64.ActiveCfg = Release|x64
		{B94E6806-AB0A-46D7-B93E-DE1674368EA6}.Release|x64.Build.0 = Release|x64
		{B94E6806-AB0A-46D7-B93E-DE1674368EA6}.Release|x64.Deploy.0 = Release|x64
		{B94E6806-AB0A-46D7-B93E-DE1674368EA6}.Release|x86.ActiveCfg = Release|x86
		{B94E6806-AB0A-46D7-B93E-DE1674368EA6}.Release|x86.Build.0 = Release|x86
		{B94E6806-AB0A-46D7-B93E-DE1674368EA6}.Release|x86.Deploy.0 = Release|x86
		{C4BC501D-63C6-4C0C-B8AB-6961EE4BEE26}.Debug|Any CPU.ActiveCfg = Debug|x86
		{C4BC501D-63C6-4C0C-B8AB-6961EE4BEE26}.Debug|ARM.ActiveCfg = Debug|ARM
		{C4BC501D-63C6-4C0C-B8AB-6961EE4BEE26}.Debug|ARM.Build.0 = Debug|ARM
		{C4BC501D-63C6-4C0C-B8AB-6961EE4BEE26}.Debug|ARM.Deploy.0 = Debug|ARM
		{C4BC501D-63C6-4C0C-B8AB-6961EE4BEE26}.Debug|x64.ActiveCfg = Debug|x64
		{C4BC501D-63C6-4C0C-B8AB-6961EE4BEE26}.Debug|x64.Build.0 = Debug|x64
		{C4BC501D-63C6-4C0C-B8AB-6961EE4BEE26}.Debug|x64.Deploy.0 = Debug|x64
		{C4BC501D-63C6-4C0C-B8AB-6961EE4BEE26}.Debug|x86.ActiveCfg = Debug|x86
		{C4BC501D-63C6-4C0C-B8AB-6961EE4BEE26}.Debug|x86.Build.0 = Debug|x86
		{C4BC501D-63C6-4C0C-B8AB-6961EE4BEE26}.Debug|x86.Deploy.0 = Debug|x86
		{C4BC501D-63C6-4C0C-B8AB-6961EE4BEE26}.Release|Any CPU.ActiveCfg = Release|x86
		{C4BC501D-63C6-4C0C-B8AB-6961EE4BEE26}.Release|ARM.ActiveCfg = Release|ARM
		{C4BC501D-63C6-4C0C-B8AB-6961EE4BEE26}.Release|ARM.Build.0 = Release|ARM
		{C4BC501D-63C6-4C0C-B8AB-6961EE4BEE26}.Release|ARM.Deploy.0 = Release|ARM
		{C4BC501D-63C6-4C0C-B8AB-6961EE4BEE26}.Release|x64.ActiveCfg = Release|x64
		{C4BC501D-63C6-4C0C-B8AB-6961EE4BEE26}.Release|x64.Build.0 = Release|x64
		{C4BC501D-63C6-4C0C-B8AB-6961EE4BEE26}.Release|x64.Deploy.0 = Release|x64
		{C4BC501D-63C6-4C0C-B8AB-6961EE4BEE26}.Release|x86.ActiveCfg = Release|x86
		{C4BC501D-63C6-4C0C-B8AB-6961EE4BEE26}.Release|x86.Build.0 = Release|x86
		{C4BC501D-63C6-4C0C-B8AB-6961EE4BEE26}.Release|x86.Deploy.0 = Release|x86
		{68B288E9-0004-487A-BEE2-7A2DA5E08058}.Debug|Any CPU.ActiveCfg = Debug|Any CPU
		{68B288E9-0004-487A-BEE2-7A2DA5E08058}.Debug|Any CPU.Build.0 = Debug|Any CPU
		{68B288E9-0004-487A-BEE2-7A2DA5E08058}.Debug|ARM.ActiveCfg = Debug|Any CPU
		{68B288E9-0004-487A-BEE2-7A2DA5E08058}.Debug|ARM.Build.0 = Debug|Any CPU
		{68B288E9-0004-487A-BEE2-7A2DA5E08058}.Debug|x64.ActiveCfg = Debug|Any CPU
		{68B288E9-0004-487A-BEE2-7A2DA5E08058}.Debug|x64.Build.0 = Debug|Any CPU
		{68B288E9-0004-487A-BEE2-7A2DA5E08058}.Debug|x86.ActiveCfg = Debug|Any CPU
		{68B288E9-0004-487A-BEE2-7A2DA5E08058}.Debug|x86.Build.0 = Debug|Any CPU
		{68B288E9-0004-487A-BEE2-7A2DA5E08058}.Release|Any CPU.ActiveCfg = Release|Any CPU
		{68B288E9-0004-487A-BEE2-7A2DA5E08058}.Release|Any CPU.Build.0 = Release|Any CPU
		{68B288E9-0004-487A-BEE2-7A2DA5E08058}.Release|ARM.ActiveCfg = Release|Any CPU
		{68B288E9-0004-487A-BEE2-7A2DA5E08058}.Release|ARM.Build.0 = Release|Any CPU
		{68B288E9-0004-487A-BEE2-7A2DA5E08058}.Release|x64.ActiveCfg = Release|Any CPU
		{68B288E9-0004-487A-BEE2-7A2DA5E08058}.Release|x64.Build.0 = Release|Any CPU
		{68B288E9-0004-487A-BEE2-7A2DA5E08058}.Release|x86.ActiveCfg = Release|Any CPU
		{68B288E9-0004-487A-BEE2-7A2DA5E08058}.Release|x86.Build.0 = Release|Any CPU
		{20B9399E-E665-4D49-8410-B9CE006BBA71}.Debug|Any CPU.ActiveCfg = Debug|Any CPU
		{20B9399E-E665-4D49-8410-B9CE006BBA71}.Debug|Any CPU.Build.0 = Debug|Any CPU
		{20B9399E-E665-4D49-8410-B9CE006BBA71}.Debug|ARM.ActiveCfg = Debug|Any CPU
		{20B9399E-E665-4D49-8410-B9CE006BBA71}.Debug|ARM.Build.0 = Debug|Any CPU
		{20B9399E-E665-4D49-8410-B9CE006BBA71}.Debug|x64.ActiveCfg = Debug|Any CPU
		{20B9399E-E665-4D49-8410-B9CE006BBA71}.Debug|x64.Build.0 = Debug|Any CPU
		{20B9399E-E665-4D49-8410-B9CE006BBA71}.Debug|x86.ActiveCfg = Debug|Any CPU
		{20B9399E-E665-4D49-8410-B9CE006BBA71}.Debug|x86.Build.0 = Debug|Any CPU
		{20B9399E-E665-4D49-8410-B9CE006BBA71}.Release|Any CPU.ActiveCfg = Release|Any CPU
		{20B9399E-E665-4D49-8410-B9CE006BBA71}.Release|Any CPU.Build.0 = Release|Any CPU
		{20B9399E-E665-4D49-8410-B9CE006BBA71}.Release|ARM.ActiveCfg = Release|Any CPU
		{20B9399E-E665-4D49-8410-B9CE006BBA71}.Release|ARM.Build.0 = Release|Any CPU
		{20B9399E-E665-4D49-8410-B9CE006BBA71}.Release|x64.ActiveCfg = Release|Any CPU
		{20B9399E-E665-4D49-8410-B9CE006BBA71}.Release|x64.Build.0 = Release|Any CPU
		{20B9399E-E665-4D49-8410-B9CE006BBA71}.Release|x86.ActiveCfg = Release|Any CPU
		{20B9399E-E665-4D49-8410-B9CE006BBA71}.Release|x86.Build.0 = Release|Any CPU
	EndGlobalSection
	GlobalSection(SolutionProperties) = preSolution
		HideSolutionNode = FALSE
	EndGlobalSection
EndGlobal
